// !$*UTF8*$!
{
	archiveVersion = 1;
	classes = {
	};
	objectVersion = 46;
	objects = {

/* Begin PBXBuildFile section */
		6A29DEBC15892F6C005071B2 /* UIKit.framework in Frameworks */ = {isa = PBXBuildFile; fileRef = 6A29DEBB15892F6C005071B2 /* UIKit.framework */; };
		6A29DEBE15892F6C005071B2 /* Foundation.framework in Frameworks */ = {isa = PBXBuildFile; fileRef = 6A29DEBD15892F6C005071B2 /* Foundation.framework */; };
		6A29DEC015892F6C005071B2 /* CoreGraphics.framework in Frameworks */ = {isa = PBXBuildFile; fileRef = 6A29DEBF15892F6C005071B2 /* CoreGraphics.framework */; };
		6A29DEC615892F6C005071B2 /* InfoPlist.strings in Resources */ = {isa = PBXBuildFile; fileRef = 6A29DEC415892F6C005071B2 /* InfoPlist.strings */; };
		6A29DEC815892F6C005071B2 /* main.m in Sources */ = {isa = PBXBuildFile; fileRef = 6A29DEC715892F6C005071B2 /* main.m */; };
		6A29DECC15892F6C005071B2 /* RHAppDelegate.m in Sources */ = {isa = PBXBuildFile; fileRef = 6A29DECB15892F6C005071B2 /* RHAppDelegate.m */; };
		6A29DECF15892F6C005071B2 /* RHViewController.m in Sources */ = {isa = PBXBuildFile; fileRef = 6A29DECE15892F6C005071B2 /* RHViewController.m */; };
		6A29DED215892F6C005071B2 /* RHViewController_iPhone.xib in Resources */ = {isa = PBXBuildFile; fileRef = 6A29DED015892F6C005071B2 /* RHViewController_iPhone.xib */; };
		6A29DED515892F6C005071B2 /* RHViewController_iPad.xib in Resources */ = {isa = PBXBuildFile; fileRef = 6A29DED315892F6C005071B2 /* RHViewController_iPad.xib */; };
		6A29DEDC15893268005071B2 /* index.html in Resources */ = {isa = PBXBuildFile; fileRef = 6A29DEDB15893268005071B2 /* index.html */; };
/* End PBXBuildFile section */

/* Begin PBXFileReference section */
		6A29DEB715892F6B005071B2 /* NativeBridgeiOS.app */ = {isa = PBXFileReference; explicitFileType = wrapper.application; includeInIndex = 0; path = NativeBridgeiOS.app; sourceTree = BUILT_PRODUCTS_DIR; };
		6A29DEBB15892F6C005071B2 /* UIKit.framework */ = {isa = PBXFileReference; lastKnownFileType = wrapper.framework; name = UIKit.framework; path = System/Library/Frameworks/UIKit.framework; sourceTree = SDKROOT; };
		6A29DEBD15892F6C005071B2 /* Foundation.framework */ = {isa = PBXFileReference; lastKnownFileType = wrapper.framework; name = Foundation.framework; path = System/Library/Frameworks/Foundation.framework; sourceTree = SDKROOT; };
		6A29DEBF15892F6C005071B2 /* CoreGraphics.framework */ = {isa = PBXFileReference; lastKnownFileType = wrapper.framework; name = CoreGraphics.framework; path = System/Library/Frameworks/CoreGraphics.framework; sourceTree = SDKROOT; };
		6A29DEC315892F6C005071B2 /* NativeBridgeiOS-Info.plist */ = {isa = PBXFileReference; lastKnownFileType = text.plist.xml; path = "NativeBridgeiOS-Info.plist"; sourceTree = "<group>"; };
		6A29DEC515892F6C005071B2 /* en */ = {isa = PBXFileReference; lastKnownFileType = text.plist.strings; name = en; path = en.lproj/InfoPlist.strings; sourceTree = "<group>"; };
		6A29DEC715892F6C005071B2 /* main.m */ = {isa = PBXFileReference; lastKnownFileType = sourcecode.c.objc; path = main.m; sourceTree = "<group>"; };
		6A29DEC915892F6C005071B2 /* NativeBridgeiOS-Prefix.pch */ = {isa = PBXFileReference; lastKnownFileType = sourcecode.c.h; path = "NativeBridgeiOS-Prefix.pch"; sourceTree = "<group>"; };
		6A29DECA15892F6C005071B2 /* RHAppDelegate.h */ = {isa = PBXFileReference; lastKnownFileType = sourcecode.c.h; path = RHAppDelegate.h; sourceTree = "<group>"; };
		6A29DECB15892F6C005071B2 /* RHAppDelegate.m */ = {isa = PBXFileReference; lastKnownFileType = sourcecode.c.objc; path = RHAppDelegate.m; sourceTree = "<group>"; };
		6A29DECD15892F6C005071B2 /* RHViewController.h */ = {isa = PBXFileReference; lastKnownFileType = sourcecode.c.h; path = RHViewController.h; sourceTree = "<group>"; };
		6A29DECE15892F6C005071B2 /* RHViewController.m */ = {isa = PBXFileReference; lastKnownFileType = sourcecode.c.objc; path = RHViewController.m; sourceTree = "<group>"; };
		6A29DED115892F6C005071B2 /* en */ = {isa = PBXFileReference; lastKnownFileType = file.xib; name = en; path = en.lproj/RHViewController_iPhone.xib; sourceTree = "<group>"; };
		6A29DED415892F6C005071B2 /* en */ = {isa = PBXFileReference; lastKnownFileType = file.xib; name = en; path = en.lproj/RHViewController_iPad.xib; sourceTree = "<group>"; };
		6A29DEDB15893268005071B2 /* index.html */ = {isa = PBXFileReference; fileEncoding = 4; lastKnownFileType = text.html; path = index.html; sourceTree = "<group>"; };
/* End PBXFileReference section */

/* Begin PBXFrameworksBuildPhase section */
		6A29DEB415892F6B005071B2 /* Frameworks */ = {
			isa = PBXFrameworksBuildPhase;
			buildActionMask = 2147483647;
			files = (
				6A29DEBC15892F6C005071B2 /* UIKit.framework in Frameworks */,
				6A29DEBE15892F6C005071B2 /* Foundation.framework in Frameworks */,
				6A29DEC015892F6C005071B2 /* CoreGraphics.framework in Frameworks */,
			);
			runOnlyForDeploymentPostprocessing = 0;
		};
/* End PBXFrameworksBuildPhase section */

/* Begin PBXGroup section */
		6A29DEAC15892F6B005071B2 = {
			isa = PBXGroup;
			children = (
				6A29DEC115892F6C005071B2 /* NativeBridgeiOS */,
				6A29DEBA15892F6C005071B2 /* Frameworks */,
				6A29DEB815892F6B005071B2 /* Products */,
			);
			sourceTree = "<group>";
		};
		6A29DEB815892F6B005071B2 /* Products */ = {
			isa = PBXGroup;
			children = (
				6A29DEB715892F6B005071B2 /* NativeBridgeiOS.app */,
			);
			name = Products;
			sourceTree = "<group>";
		};
		6A29DEBA15892F6C005071B2 /* Frameworks */ = {
			isa = PBXGroup;
			children = (
				6A29DEBB15892F6C005071B2 /* UIKit.framework */,
				6A29DEBD15892F6C005071B2 /* Foundation.framework */,
				6A29DEBF15892F6C005071B2 /* CoreGraphics.framework */,
			);
			name = Frameworks;
			sourceTree = "<group>";
		};
		6A29DEC115892F6C005071B2 /* NativeBridgeiOS */ = {
			isa = PBXGroup;
			children = (
				6A29DEDB15893268005071B2 /* index.html */,
				6A29DECA15892F6C005071B2 /* RHAppDelegate.h */,
				6A29DECB15892F6C005071B2 /* RHAppDelegate.m */,
				6A29DECD15892F6C005071B2 /* RHViewController.h */,
				6A29DECE15892F6C005071B2 /* RHViewController.m */,
				6A29DED015892F6C005071B2 /* RHViewController_iPhone.xib */,
				6A29DED315892F6C005071B2 /* RHViewController_iPad.xib */,
				6A29DEC215892F6C005071B2 /* Supporting Files */,
			);
			path = NativeBridgeiOS;
			sourceTree = "<group>";
		};
		6A29DEC215892F6C005071B2 /* Supporting Files */ = {
			isa = PBXGroup;
			children = (
				6A29DEC315892F6C005071B2 /* NativeBridgeiOS-Info.plist */,
				6A29DEC415892F6C005071B2 /* InfoPlist.strings */,
				6A29DEC715892F6C005071B2 /* main.m */,
				6A29DEC915892F6C005071B2 /* NativeBridgeiOS-Prefix.pch */,
			);
			name = "Supporting Files";
			sourceTree = "<group>";
		};
/* End PBXGroup section */

/* Begin PBXNativeTarget section */
		6A29DEB615892F6B005071B2 /* NativeBridgeiOS */ = {
			isa = PBXNativeTarget;
			buildConfigurationList = 6A29DED815892F6C005071B2 /* Build configuration list for PBXNativeTarget "NativeBridgeiOS" */;
			buildPhases = (
				6A29DEB315892F6B005071B2 /* Sources */,
				6A29DEB415892F6B005071B2 /* Frameworks */,
				6A29DEB515892F6B005071B2 /* Resources */,
			);
			buildRules = (
			);
			dependencies = (
			);
			name = NativeBridgeiOS;
			productName = NativeBridgeiOS;
			productReference = 6A29DEB715892F6B005071B2 /* NativeBridgeiOS.app */;
			productType = "com.apple.product-type.application";
		};
/* End PBXNativeTarget section */

/* Begin PBXProject section */
		6A29DEAE15892F6B005071B2 /* Project object */ = {
			isa = PBXProject;
			attributes = {
				CLASSPREFIX = RH;
				LastUpgradeCheck = 0430;
			};
			buildConfigurationList = 6A29DEB115892F6B005071B2 /* Build configuration list for PBXProject "NativeBridgeiOS" */;
			compatibilityVersion = "Xcode 3.2";
			developmentRegion = English;
			hasScannedForEncodings = 0;
			knownRegions = (
				en,
			);
			mainGroup = 6A29DEAC15892F6B005071B2;
			productRefGroup = 6A29DEB815892F6B005071B2 /* Products */;
			projectDirPath = "";
			projectRoot = "";
			targets = (
				6A29DEB615892F6B005071B2 /* NativeBridgeiOS */,
			);
		};
/* End PBXProject section */

/* Begin PBXResourcesBuildPhase section */
		6A29DEB515892F6B005071B2 /* Resources */ = {
			isa = PBXResourcesBuildPhase;
			buildActionMask = 2147483647;
			files = (
				6A29DEC615892F6C005071B2 /* InfoPlist.strings in Resources */,
				6A29DED215892F6C005071B2 /* RHViewController_iPhone.xib in Resources */,
				6A29DED515892F6C005071B2 /* RHViewController_iPad.xib in Resources */,
				6A29DEDC15893268005071B2 /* index.html in Resources */,
			);
			runOnlyForDeploymentPostprocessing = 0;
		};
/* End PBXResourcesBuildPhase section */

/* Begin PBXSourcesBuildPhase section */
		6A29DEB315892F6B005071B2 /* Sources */ = {
			isa = PBXSourcesBuildPhase;
			buildActionMask = 2147483647;
			files = (
				6A29DEC815892F6C005071B2 /* main.m in Sources */,
				6A29DECC15892F6C005071B2 /* RHAppDelegate.m in Sources */,
				6A29DECF15892F6C005071B2 /* RHViewController.m in Sources */,
			);
			runOnlyForDeploymentPostprocessing = 0;
		};
/* End PBXSourcesBuildPhase section */

/* Begin PBXVariantGroup section */
		6A29DEC415892F6C005071B2 /* InfoPlist.strings */ = {
			isa = PBXVariantGroup;
			children = (
				6A29DEC515892F6C005071B2 /* en */,
			);
			name = InfoPlist.strings;
			sourceTree = "<group>";
		};
		6A29DED015892F6C005071B2 /* RHViewController_iPhone.xib */ = {
			isa = PBXVariantGroup;
			children = (
				6A29DED115892F6C005071B2 /* en */,
			);
			name = RHViewController_iPhone.xib;
			sourceTree = "<group>";
		};
		6A29DED315892F6C005071B2 /* RHViewController_iPad.xib */ = {
			isa = PBXVariantGroup;
			children = (
				6A29DED415892F6C005071B2 /* en */,
			);
			name = RHViewController_iPad.xib;
			sourceTree = "<group>";
		};
/* End PBXVariantGroup section */

/* Begin XCBuildConfiguration section */
		6A29DED615892F6C005071B2 /* Debug */ = {
			isa = XCBuildConfiguration;
			buildSettings = {
				ALWAYS_SEARCH_USER_PATHS = NO;
				ARCHS = "$(ARCHS_STANDARD_32_BIT)";
				"CODE_SIGN_IDENTITY[sdk=iphoneos*]" = "iPhone Developer";
				COPY_PHASE_STRIP = NO;
				GCC_C_LANGUAGE_STANDARD = gnu99;
				GCC_DYNAMIC_NO_PIC = NO;
				GCC_OPTIMIZATION_LEVEL = 0;
				GCC_PREPROCESSOR_DEFINITIONS = (
					"DEBUG=1",
					"$(inherited)",
				);
				GCC_SYMBOLS_PRIVATE_EXTERN = NO;
				GCC_VERSION = com.apple.compilers.llvm.clang.1_0;
				GCC_WARN_ABOUT_RETURN_TYPE = YES;
				GCC_WARN_UNINITIALIZED_AUTOS = YES;
				GCC_WARN_UNUSED_VARIABLE = YES;
				IPHONEOS_DEPLOYMENT_TARGET = 5.1;
				SDKROOT = iphoneos;
				TARGETED_DEVICE_FAMILY = "1,2";
			};
			name = Debug;
		};
		6A29DED715892F6C005071B2 /* Release */ = {
			isa = XCBuildConfiguration;
			buildSettings = {
				ALWAYS_SEARCH_USER_PATHS = NO;
				ARCHS = "$(ARCHS_STANDARD_32_BIT)";
				"CODE_SIGN_IDENTITY[sdk=iphoneos*]" = "iPhone Developer";
				COPY_PHASE_STRIP = YES;
				GCC_C_LANGUAGE_STANDARD = gnu99;
				GCC_VERSION = com.apple.compilers.llvm.clang.1_0;
				GCC_WARN_ABOUT_RETURN_TYPE = YES;
				GCC_WARN_UNINITIALIZED_AUTOS = YES;
				GCC_WARN_UNUSED_VARIABLE = YES;
				IPHONEOS_DEPLOYMENT_TARGET = 5.1;
				OTHER_CFLAGS = "-DNS_BLOCK_ASSERTIONS=1";
				SDKROOT = iphoneos;
				TARGETED_DEVICE_FAMILY = "1,2";
				VALIDATE_PRODUCT = YES;
			};
			name = Release;
		};
		6A29DED915892F6C005071B2 /* Debug */ = {
			isa = XCBuildConfiguration;
			buildSettings = {
				GCC_PRECOMPILE_PREFIX_HEADER = YES;
				GCC_PREFIX_HEADER = "NativeBridgeiOS/NativeBridgeiOS-Prefix.pch";
				INFOPLIST_FILE = "NativeBridgeiOS/NativeBridgeiOS-Info.plist";
				PRODUCT_NAME = "$(TARGET_NAME)";
				WRAPPER_EXTENSION = app;
			};
			name = Debug;
		};
		6A29DEDA15892F6C005071B2 /* Release */ = {
			isa = XCBuildConfiguration;
			buildSettings = {
				GCC_PRECOMPILE_PREFIX_HEADER = YES;
				GCC_PREFIX_HEADER = "NativeBridgeiOS/NativeBridgeiOS-Prefix.pch";
				INFOPLIST_FILE = "NativeBridgeiOS/NativeBridgeiOS-Info.plist";
				PRODUCT_NAME = "$(TARGET_NAME)";
				WRAPPER_EXTENSION = app;
			};
			name = Release;
		};
/* End XCBuildConfiguration section */

/* Begin XCConfigurationList section */
		6A29DEB115892F6B005071B2 /* Build configuration list for PBXProject "NativeBridgeiOS" */ = {
			isa = XCConfigurationList;
			buildConfigurations = (
				6A29DED615892F6C005071B2 /* Debug */,
				6A29DED715892F6C005071B2 /* Release */,
			);
			defaultConfigurationIsVisible = 0;
			defaultConfigurationName = Release;
		};
		6A29DED815892F6C005071B2 /* Build configuration list for PBXNativeTarget "NativeBridgeiOS" */ = {
			isa = XCConfigurationList;
			buildConfigurations = (
				6A29DED915892F6C005071B2 /* Debug */,
				6A29DEDA15892F6C005071B2 /* Release */,
			);
			defaultConfigurationIsVisible = 0;
		};
/* End XCConfigurationList section */
	};
	rootObject = 6A29DEAE15892F6B005071B2 /* Project object */;
}
